
Microsoft Visual Studio Solution File, Format Version 12.00
# Visual Studio Version 16
VisualStudioVersion = 16.0.28803.452
MinimumVisualStudioVersion = 10.0.40219.1
Project("{FAE04EC0-301F-11D3-BF4B-00C04F79EFBC}") = "BTSTECH", "BTSTECH\BTSTECH.csproj", "{236E1735-3741-42CB-9D62-0451832D6E6C}"
EndProject
Global
	GlobalSection(SolutionConfigurationPlatforms) = preSolution
		Debug|Any CPU = Debug|Any CPU
		Release|Any CPU = Release|Any CPU
	EndGlobalSection
	GlobalSection(ProjectConfigurationPlatforms) = postSolution
		{236E1735-3741-42CB-9D62-0451832D6E6C}.Debug|Any CPU.ActiveCfg = Debug|Any CPU
		{236E1735-3741-42CB-9D62-0451832D6E6C}.Debug|Any CPU.Build.0 = Debug|Any CPU
		{236E1735-3741-42CB-9D62-0451832D6E6C}.Release|Any CPU.ActiveCfg = Release|Any CPU
		{236E1735-3741-42CB-9D62-0451832D6E6C}.Release|Any CPU.Build.0 = Release|Any CPU
	EndGlobalSection
	GlobalSection(SolutionProperties) = preSolution
		HideSolutionNode = FALSE
	EndGlobalSection
	GlobalSection(ExtensibilityGlobals) = postSolution
		SolutionGuid = {C6673C3C-F8DA-4B21-9909-ECF261FE475D}
	EndGlobalSection
EndGlobal
